
Microsoft Visual Studio Solution File, Format Version 12.00
# Visual Studio Version 16
VisualStudioVersion = 16.0.809.6
MinimumVisualStudioVersion = 10.0.40219.1
Project("{FAE04EC0-301F-11D3-BF4B-00C04F79EFBC}") = "Jones_James_CE05", "Jones_James_CE05\Jones_James_CE05.csproj", "{527842F1-FA75-4B5C-8E4D-99155710750F}"
EndProject
Global
	GlobalSection(SolutionConfigurationPlatforms) = preSolution
		Debug|Any CPU = Debug|Any CPU
		Release|Any CPU = Release|Any CPU
	EndGlobalSection
	GlobalSection(ProjectConfigurationPlatforms) = postSolution
		{527842F1-FA75-4B5C-8E4D-99155710750F}.Debug|Any CPU.ActiveCfg = Debug|Any CPU
		{527842F1-FA75-4B5C-8E4D-99155710750F}.Debug|Any CPU.Build.0 = Debug|Any CPU
		{527842F1-FA75-4B5C-8E4D-99155710750F}.Release|Any CPU.ActiveCfg = Release|Any CPU
		{527842F1-FA75-4B5C-8E4D-99155710750F}.Release|Any CPU.Build.0 = Release|Any CPU
	EndGlobalSection
	GlobalSection(SolutionProperties) = preSolution
		HideSolutionNode = FALSE
	EndGlobalSection
	GlobalSection(ExtensibilityGlobals) = postSolution
		SolutionGuid = {C25F843C-D461-4F41-A4F4-3D0B397A936C}
	EndGlobalSection
EndGlobal
